// !$*UTF8*$!
{
	archiveVersion = 1;
	classes = {
	};
	objectVersion = 55;
	objects = {

/* Begin PBXBuildFile section */
		D830DAC22788A118005A5121 /* Model.swift in Sources */ = {isa = PBXBuildFile; fileRef = D830DAC12788A118005A5121 /* Model.swift */; };
		D830DAC42788A192005A5121 /* ContactListViewController.swift in Sources */ = {isa = PBXBuildFile; fileRef = D830DAC32788A192005A5121 /* ContactListViewController.swift */; };
		D830DAC62788A25C005A5121 /* ContactListCell.swift in Sources */ = {isa = PBXBuildFile; fileRef = D830DAC52788A25C005A5121 /* ContactListCell.swift */; };
		D830DAC82788A453005A5121 /* ContactListDataSource.swift in Sources */ = {isa = PBXBuildFile; fileRef = D830DAC72788A453005A5121 /* ContactListDataSource.swift */; };
		D830DACA2788A77F005A5121 /* CallAgentViewController.swift in Sources */ = {isa = PBXBuildFile; fileRef = D830DAC92788A77F005A5121 /* CallAgentViewController.swift */; };
		D837292827886E910005C320 /* AppDelegate.swift in Sources */ = {isa = PBXBuildFile; fileRef = D837292727886E910005C320 /* AppDelegate.swift */; };
		D837292A27886E910005C320 /* SceneDelegate.swift in Sources */ = {isa = PBXBuildFile; fileRef = D837292927886E910005C320 /* SceneDelegate.swift */; };
		D837292F27886E910005C320 /* Main.storyboard in Resources */ = {isa = PBXBuildFile; fileRef = D837292D27886E910005C320 /* Main.storyboard */; };
		D837293127886E930005C320 /* Assets.xcassets in Resources */ = {isa = PBXBuildFile; fileRef = D837293027886E930005C320 /* Assets.xcassets */; };
		D837293427886E930005C320 /* LaunchScreen.storyboard in Resources */ = {isa = PBXBuildFile; fileRef = D837293227886E930005C320 /* LaunchScreen.storyboard */; };
/* End PBXBuildFile section */

/* Begin PBXFileReference section */
		D830DAC12788A118005A5121 /* Model.swift */ = {isa = PBXFileReference; lastKnownFileType = sourcecode.swift; path = Model.swift; sourceTree = "<group>"; };
		D830DAC32788A192005A5121 /* ContactListViewController.swift */ = {isa = PBXFileReference; lastKnownFileType = sourcecode.swift; path = ContactListViewController.swift; sourceTree = "<group>"; };
		D830DAC52788A25C005A5121 /* ContactListCell.swift */ = {isa = PBXFileReference; lastKnownFileType = sourcecode.swift; path = ContactListCell.swift; sourceTree = "<group>"; };
		D830DAC72788A453005A5121 /* ContactListDataSource.swift */ = {isa = PBXFileReference; lastKnownFileType = sourcecode.swift; path = ContactListDataSource.swift; sourceTree = "<group>"; };
		D830DAC92788A77F005A5121 /* CallAgentViewController.swift */ = {isa = PBXFileReference; lastKnownFileType = sourcecode.swift; path = CallAgentViewController.swift; sourceTree = "<group>"; };
		D837292427886E910005C320 /* ExamApp_07_Jan.app */ = {isa = PBXFileReference; explicitFileType = wrapper.application; includeInIndex = 0; path = ExamApp_07_Jan.app; sourceTree = BUILT_PRODUCTS_DIR; };
		D837292727886E910005C320 /* AppDelegate.swift */ = {isa = PBXFileReference; lastKnownFileType = sourcecode.swift; path = AppDelegate.swift; sourceTree = "<group>"; };
		D837292927886E910005C320 /* SceneDelegate.swift */ = {isa = PBXFileReference; lastKnownFileType = sourcecode.swift; path = SceneDelegate.swift; sourceTree = "<group>"; };
		D837292E27886E910005C320 /* Base */ = {isa = PBXFileReference; lastKnownFileType = file.storyboard; name = Base; path = Base.lproj/Main.storyboard; sourceTree = "<group>"; };
		D837293027886E930005C320 /* Assets.xcassets */ = {isa = PBXFileReference; lastKnownFileType = folder.assetcatalog; path = Assets.xcassets; sourceTree = "<group>"; };
		D837293327886E930005C320 /* Base */ = {isa = PBXFileReference; lastKnownFileType = file.storyboard; name = Base; path = Base.lproj/LaunchScreen.storyboard; sourceTree = "<group>"; };
		D837293527886E930005C320 /* Info.plist */ = {isa = PBXFileReference; lastKnownFileType = text.plist.xml; path = Info.plist; sourceTree = "<group>"; };
/* End PBXFileReference section */

/* Begin PBXFrameworksBuildPhase section */
		D837292127886E910005C320 /* Frameworks */ = {
			isa = PBXFrameworksBuildPhase;
			buildActionMask = 2147483647;
			files = (
			);
			runOnlyForDeploymentPostprocessing = 0;
		};
/* End PBXFrameworksBuildPhase section */

/* Begin PBXGroup section */
		D830DABE2788A0DB005A5121 /* Views */ = {
			isa = PBXGroup;
			children = (
				D830DAC52788A25C005A5121 /* ContactListCell.swift */,
			);
			path = Views;
			sourceTree = "<group>";
		};
		D830DABF2788A0EA005A5121 /* DataSources */ = {
			isa = PBXGroup;
			children = (
				D830DAC72788A453005A5121 /* ContactListDataSource.swift */,
			);
			path = DataSources;
			sourceTree = "<group>";
		};
		D830DAC02788A102005A5121 /* Models */ = {
			isa = PBXGroup;
			children = (
				D830DAC12788A118005A5121 /* Model.swift */,
			);
			path = Models;
			sourceTree = "<group>";
		};
		D837291B27886E910005C320 = {
			isa = PBXGroup;
			children = (
				D830DAC02788A102005A5121 /* Models */,
				D830DABF2788A0EA005A5121 /* DataSources */,
				D830DABE2788A0DB005A5121 /* Views */,
				D837292627886E910005C320 /* ExamApp_07_Jan */,
				D837292527886E910005C320 /* Products */,
			);
			sourceTree = "<group>";
		};
		D837292527886E910005C320 /* Products */ = {
			isa = PBXGroup;
			children = (
				D837292427886E910005C320 /* ExamApp_07_Jan.app */,
			);
			name = Products;
			sourceTree = "<group>";
		};
		D837292627886E910005C320 /* ExamApp_07_Jan */ = {
			isa = PBXGroup;
			children = (
				D837292727886E910005C320 /* AppDelegate.swift */,
				D837292927886E910005C320 /* SceneDelegate.swift */,
				D830DAC32788A192005A5121 /* ContactListViewController.swift */,
				D830DAC92788A77F005A5121 /* CallAgentViewController.swift */,
				D837292D27886E910005C320 /* Main.storyboard */,
				D837293027886E930005C320 /* Assets.xcassets */,
				D837293227886E930005C320 /* LaunchScreen.storyboard */,
				D837293527886E930005C320 /* Info.plist */,
			);
			path = ExamApp_07_Jan;
			sourceTree = "<group>";
		};
/* End PBXGroup section */

/* Begin PBXNativeTarget section */
		D837292327886E910005C320 /* ExamApp_07_Jan */ = {
			isa = PBXNativeTarget;
			buildConfigurationList = D837293827886E930005C320 /* Build configuration list for PBXNativeTarget "ExamApp_07_Jan" */;
			buildPhases = (
				D837292027886E910005C320 /* Sources */,
				D837292127886E910005C320 /* Frameworks */,
				D837292227886E910005C320 /* Resources */,
			);
			buildRules = (
			);
			dependencies = (
			);
			name = ExamApp_07_Jan;
			productName = ExamApp_07_Jan;
			productReference = D837292427886E910005C320 /* ExamApp_07_Jan.app */;
			productType = "com.apple.product-type.application";
		};
/* End PBXNativeTarget section */

/* Begin PBXProject section */
		D837291C27886E910005C320 /* Project object */ = {
			isa = PBXProject;
			attributes = {
				BuildIndependentTargetsInParallel = 1;
				LastSwiftUpdateCheck = 1320;
				LastUpgradeCheck = 1320;
				TargetAttributes = {
					D837292327886E910005C320 = {
						CreatedOnToolsVersion = 13.2;
					};
				};
			};
			buildConfigurationList = D837291F27886E910005C320 /* Build configuration list for PBXProject "ExamApp_07_Jan" */;
			compatibilityVersion = "Xcode 13.0";
			developmentRegion = en;
			hasScannedForEncodings = 0;
			knownRegions = (
				en,
				Base,
			);
			mainGroup = D837291B27886E910005C320;
			productRefGroup = D837292527886E910005C320 /* Products */;
			projectDirPath = "";
			projectRoot = "";
			targets = (
				D837292327886E910005C320 /* ExamApp_07_Jan */,
			);
		};
/* End PBXProject section */

/* Begin PBXResourcesBuildPhase section */
		D837292227886E910005C320 /* Resources */ = {
			isa = PBXResourcesBuildPhase;
			buildActionMask = 2147483647;
			files = (
				D837293427886E930005C320 /* LaunchScreen.storyboard in Resources */,
				D837293127886E930005C320 /* Assets.xcassets in Resources */,
				D837292F27886E910005C320 /* Main.storyboard in Resources */,
			);
			runOnlyForDeploymentPostprocessing = 0;
		};
/* End PBXResourcesBuildPhase section */

/* Begin PBXSourcesBuildPhase section */
		D837292027886E910005C320 /* Sources */ = {
			isa = PBXSourcesBuildPhase;
			buildActionMask = 2147483647;
			files = (
				D830DACA2788A77F005A5121 /* CallAgentViewController.swift in Sources */,
				D837292827886E910005C320 /* AppDelegate.swift in Sources */,
				D830DAC62788A25C005A5121 /* ContactListCell.swift in Sources */,
				D830DAC42788A192005A5121 /* ContactListViewController.swift in Sources */,
				D830DAC82788A453005A5121 /* ContactListDataSource.swift in Sources */,
				D837292A27886E910005C320 /* SceneDelegate.swift in Sources */,
				D830DAC22788A118005A5121 /* Model.swift in Sources */,
			);
			runOnlyForDeploymentPostprocessing = 0;
		};
/* End PBXSourcesBuildPhase section */

/* Begin PBXVariantGroup section */
		D837292D27886E910005C320 /* Main.storyboard */ = {
			isa = PBXVariantGroup;
			children = (
				D837292E27886E910005C320 /* Base */,
			);
			name = Main.storyboard;
			sourceTree = "<group>";
		};
		D837293227886E930005C320 /* LaunchScreen.storyboard */ = {
			isa = PBXVariantGroup;
			children = (
				D837293327886E930005C320 /* Base */,
			);
			name = LaunchScreen.storyboard;
			sourceTree = "<group>";
		};
/* End PBXVariantGroup section */

/* Begin XCBuildConfiguration section */
		D837293627886E930005C320 /* Debug */ = {
			isa = XCBuildConfiguration;
			buildSettings = {
				ALWAYS_SEARCH_USER_PATHS = NO;
				CLANG_ANALYZER_NONNULL = YES;
				CLANG_ANALYZER_NUMBER_OBJECT_CONVERSION = YES_AGGRESSIVE;
				CLANG_CXX_LANGUAGE_STANDARD = "gnu++17";
				CLANG_CXX_LIBRARY = "libc++";
				CLANG_ENABLE_MODULES = YES;
				CLANG_ENABLE_OBJC_ARC = YES;
				CLANG_ENABLE_OBJC_WEAK = YES;
				CLANG_WARN_BLOCK_CAPTURE_AUTORELEASING = YES;
				CLANG_WARN_BOOL_CONVERSION = YES;
				CLANG_WARN_COMMA = YES;
				CLANG_WARN_CONSTANT_CONVERSION = YES;
				CLANG_WARN_DEPRECATED_OBJC_IMPLEMENTATIONS = YES;
				CLANG_WARN_DIRECT_OBJC_ISA_USAGE = YES_ERROR;
				CLANG_WARN_DOCUMENTATION_COMMENTS = YES;
				CLANG_WARN_EMPTY_BODY = YES;
				CLANG_WARN_ENUM_CONVERSION = YES;
				CLANG_WARN_INFINITE_RECURSION = YES;
				CLANG_WARN_INT_CONVERSION = YES;
				CLANG_WARN_NON_LITERAL_NULL_CONVERSION = YES;
				CLANG_WARN_OBJC_IMPLICIT_RETAIN_SELF = YES;
				CLANG_WARN_OBJC_LITERAL_CONVERSION = YES;
				CLANG_WARN_OBJC_ROOT_CLASS = YES_ERROR;
				CLANG_WARN_QUOTED_INCLUDE_IN_FRAMEWORK_HEADER = YES;
				CLANG_WARN_RANGE_LOOP_ANALYSIS = YES;
				CLANG_WARN_STRICT_PROTOTYPES = YES;
				CLANG_WARN_SUSPICIOUS_MOVE = YES;
				CLANG_WARN_UNGUARDED_AVAILABILITY = YES_AGGRESSIVE;
				CLANG_WARN_UNREACHABLE_CODE = YES;
				CLANG_WARN__DUPLICATE_METHOD_MATCH = YES;
				COPY_PHASE_STRIP = NO;
				DEBUG_INFORMATION_FORMAT = dwarf;
				ENABLE_STRICT_OBJC_MSGSEND = YES;
				ENABLE_TESTABILITY = YES;
				GCC_C_LANGUAGE_STANDARD = gnu11;
				GCC_DYNAMIC_NO_PIC = NO;
				GCC_NO_COMMON_BLOCKS = YES;
				GCC_OPTIMIZATION_LEVEL = 0;
				GCC_PREPROCESSOR_DEFINITIONS = (
					"DEBUG=1",
					"$(inherited)",
				);
				GCC_WARN_64_TO_32_BIT_CONVERSION = YES;
				GCC_WARN_ABOUT_RETURN_TYPE = YES_ERROR;
				GCC_WARN_UNDECLARED_SELECTOR = YES;
				GCC_WARN_UNINITIALIZED_AUTOS = YES_AGGRESSIVE;
				GCC_WARN_UNUSED_FUNCTION = YES;
				GCC_WARN_UNUSED_VARIABLE = YES;
				IPHONEOS_DEPLOYMENT_TARGET = 15.2;
				MTL_ENABLE_DEBUG_INFO = INCLUDE_SOURCE;
				MTL_FAST_MATH = YES;
				ONLY_ACTIVE_ARCH = YES;
				SDKROOT = iphoneos;
				SWIFT_ACTIVE_COMPILATION_CONDITIONS = DEBUG;
				SWIFT_OPTIMIZATION_LEVEL = "-Onone";
			};
			name = Debug;
		};
		D837293727886E930005C320 /* Release */ = {
			isa = XCBuildConfiguration;
			buildSettings = {
				ALWAYS_SEARCH_USER_PATHS = NO;
				CLANG_ANALYZER_NONNULL = YES;
				CLANG_ANALYZER_NUMBER_OBJECT_CONVERSION = YES_AGGRESSIVE;
				CLANG_CXX_LANGUAGE_STANDARD = "gnu++17";
				CLANG_CXX_LIBRARY = "libc++";
				CLANG_ENABLE_MODULES = YES;
				CLANG_ENABLE_OBJC_ARC = YES;
				CLANG_ENABLE_OBJC_WEAK = YES;
				CLANG_WARN_BLOCK_CAPTURE_AUTORELEASING = YES;
				CLANG_WARN_BOOL_CONVERSION = YES;
				CLANG_WARN_COMMA = YES;
				CLANG_WARN_CONSTANT_CONVERSION = YES;
				CLANG_WARN_DEPRECATED_OBJC_IMPLEMENTATIONS = YES;
				CLANG_WARN_DIRECT_OBJC_ISA_USAGE = YES_ERROR;
				CLANG_WARN_DOCUMENTATION_COMMENTS = YES;
				CLANG_WARN_EMPTY_BODY = YES;
				CLANG_WARN_ENUM_CONVERSION = YES;
				CLANG_WARN_INFINITE_RECURSION = YES;
				CLANG_WARN_INT_CONVERSION = YES;
				CLANG_WARN_NON_LITERAL_NULL_CONVERSION = YES;
				CLANG_WARN_OBJC_IMPLICIT_RETAIN_SELF = YES;
				CLANG_WARN_OBJC_LITERAL_CONVERSION = YES;
				CLANG_WARN_OBJC_ROOT_CLASS = YES_ERROR;
				CLANG_WARN_QUOTED_INCLUDE_IN_FRAMEWORK_HEADER = YES;
				CLANG_WARN_RANGE_LOOP_ANALYSIS = YES;
				CLANG_WARN_STRICT_PROTOTYPES = YES;
				CLANG_WARN_SUSPICIOUS_MOVE = YES;
				CLANG_WARN_UNGUARDED_AVAILABILITY = YES_AGGRESSIVE;
				CLANG_WARN_UNREACHABLE_CODE = YES;
				CLANG_WARN__DUPLICATE_METHOD_MATCH = YES;
				COPY_PHASE_STRIP = NO;
				DEBUG_INFORMATION_FORMAT = "dwarf-with-dsym";
				ENABLE_NS_ASSERTIONS = NO;
				ENABLE_STRICT_OBJC_MSGSEND = YES;
				GCC_C_LANGUAGE_STANDARD = gnu11;
				GCC_NO_COMMON_BLOCKS = YES;
				GCC_WARN_64_TO_32_BIT_CONVERSION = YES;
				GCC_WARN_ABOUT_RETURN_TYPE = YES_ERROR;
				GCC_WARN_UNDECLARED_SELECTOR = YES;
				GCC_WARN_UNINITIALIZED_AUTOS = YES_AGGRESSIVE;
				GCC_WARN_UNUSED_FUNCTION = YES;
				GCC_WARN_UNUSED_VARIABLE = YES;
				IPHONEOS_DEPLOYMENT_TARGET = 15.2;
				MTL_ENABLE_DEBUG_INFO = NO;
				MTL_FAST_MATH = YES;
				SDKROOT = iphoneos;
				SWIFT_COMPILATION_MODE = wholemodule;
				SWIFT_OPTIMIZATION_LEVEL = "-O";
				VALIDATE_PRODUCT = YES;
			};
			name = Release;
		};
		D837293927886E930005C320 /* Debug */ = {
			isa = XCBuildConfiguration;
			buildSettings = {
				ASSETCATALOG_COMPILER_APPICON_NAME = AppIcon;
				ASSETCATALOG_COMPILER_GLOBAL_ACCENT_COLOR_NAME = AccentColor;
				CODE_SIGN_STYLE = Automatic;
				CURRENT_PROJECT_VERSION = 1;
				GENERATE_INFOPLIST_FILE = YES;
				INFOPLIST_FILE = ExamApp_07_Jan/Info.plist;
				INFOPLIST_KEY_UIApplicationSupportsIndirectInputEvents = YES;
				INFOPLIST_KEY_UILaunchStoryboardName = LaunchScreen;
				INFOPLIST_KEY_UIMainStoryboardFile = Main;
				INFOPLIST_KEY_UISupportedInterfaceOrientations_iPad = "UIInterfaceOrientationPortrait UIInterfaceOrientationPortraitUpsideDown UIInterfaceOrientationLandscapeLeft UIInterfaceOrientationLandscapeRight";
				INFOPLIST_KEY_UISupportedInterfaceOrientations_iPhone = "UIInterfaceOrientationPortrait UIInterfaceOrientationLandscapeLeft UIInterfaceOrientationLandscapeRight";
				LD_RUNPATH_SEARCH_PATHS = (
					"$(inherited)",
					"@executable_path/Frameworks",
				);
				MARKETING_VERSION = 1.0;
				PRODUCT_BUNDLE_IDENTIFIER = "FMI.ExamApp-07-Jan";
				PRODUCT_NAME = "$(TARGET_NAME)";
				SWIFT_EMIT_LOC_STRINGS = YES;
				SWIFT_VERSION = 5.0;
				TARGETED_DEVICE_FAMILY = "1,2";
			};
			name = Debug;
		};
		D837293A27886E930005C320 /* Release */ = {
			isa = XCBuildConfiguration;
			buildSettings = {
				ASSETCATALOG_COMPILER_APPICON_NAME = AppIcon;
				ASSETCATALOG_COMPILER_GLOBAL_ACCENT_COLOR_NAME = AccentColor;
				CODE_SIGN_STYLE = Automatic;
				CURRENT_PROJECT_VERSION = 1;
				GENERATE_INFOPLIST_FILE = YES;
				INFOPLIST_FILE = ExamApp_07_Jan/Info.plist;
				INFOPLIST_KEY_UIApplicationSupportsIndirectInputEvents = YES;
				INFOPLIST_KEY_UILaunchStoryboardName = LaunchScreen;
				INFOPLIST_KEY_UIMainStoryboardFile = Main;
				INFOPLIST_KEY_UISupportedInterfaceOrientations_iPad = "UIInterfaceOrientationPortrait UIInterfaceOrientationPortraitUpsideDown UIInterfaceOrientationLandscapeLeft UIInterfaceOrientationLandscapeRight";
				INFOPLIST_KEY_UISupportedInterfaceOrientations_iPhone = "UIInterfaceOrientationPortrait UIInterfaceOrientationLandscapeLeft UIInterfaceOrientationLandscapeRight";
				LD_RUNPATH_SEARCH_PATHS = (
					"$(inherited)",
					"@executable_path/Frameworks",
				);
				MARKETING_VERSION = 1.0;
				PRODUCT_BUNDLE_IDENTIFIER = "FMI.ExamApp-07-Jan";
				PRODUCT_NAME = "$(TARGET_NAME)";
				SWIFT_EMIT_LOC_STRINGS = YES;
				SWIFT_VERSION = 5.0;
				TARGETED_DEVICE_FAMILY = "1,2";
			};
			name = Release;
		};
/* End XCBuildConfiguration section */

/* Begin XCConfigurationList section */
		D837291F27886E910005C320 /* Build configuration list for PBXProject "ExamApp_07_Jan" */ = {
			isa = XCConfigurationList;
			buildConfigurations = (
				D837293627886E930005C320 /* Debug */,
				D837293727886E930005C320 /* Release */,
			);
			defaultConfigurationIsVisible = 0;
			defaultConfigurationName = Release;
		};
		D837293827886E930005C320 /* Build configuration list for PBXNativeTarget "ExamApp_07_Jan" */ = {
			isa = XCConfigurationList;
			buildConfigurations = (
				D837293927886E930005C320 /* Debug */,
				D837293A27886E930005C320 /* Release */,
			);
			defaultConfigurationIsVisible = 0;
			defaultConfigurationName = Release;
		};
/* End XCConfigurationList section */
	};
	rootObject = D837291C27886E910005C320 /* Project object */;
}
